
Microsoft Visual Studio Solution File, Format Version 12.00
# Visual Studio Version 17
VisualStudioVersion = 17.4.33103.184
MinimumVisualStudioVersion = 10.0.40219.1
Project("{E24C65DC-7377-472B-9ABA-BC803B73C61A}") = "JM MITPL Invoice Cloud", ".", "{96FD6481-BA92-4290-B9A9-56F5B2B1B4D4}"
	ProjectSection(WebsiteProperties) = preProject
		TargetFrameworkMoniker = ".NETFramework,Version%3Dv3.5"
		Debug.AspNetCompiler.VirtualPath = "/localhost_64753"
		Debug.AspNetCompiler.PhysicalPath = "..\JM MITPL Invoice Cloud\"
		Debug.AspNetCompiler.TargetPath = "PrecompiledWeb\localhost_64753\"
		Debug.AspNetCompiler.Updateable = "true"
		Debug.AspNetCompiler.ForceOverwrite = "true"
		Debug.AspNetCompiler.FixedNames = "false"
		Debug.AspNetCompiler.Debug = "True"
		Release.AspNetCompiler.VirtualPath = "/localhost_64753"
		Release.AspNetCompiler.PhysicalPath = "..\JM MITPL Invoice Cloud\"
		Release.AspNetCompiler.TargetPath = "PrecompiledWeb\localhost_64753\"
		Release.AspNetCompiler.Updateable = "true"
		Release.AspNetCompiler.ForceOverwrite = "true"
		Release.AspNetCompiler.FixedNames = "false"
		Release.AspNetCompiler.Debug = "False"
		VWDPort = "64753"
		SlnRelativePath = "..\JM MITPL Invoice Cloud\"
	EndProjectSection
EndProject
Global
	GlobalSection(SolutionConfigurationPlatforms) = preSolution
		Debug|Any CPU = Debug|Any CPU
	EndGlobalSection
	GlobalSection(ProjectConfigurationPlatforms) = postSolution
		{96FD6481-BA92-4290-B9A9-56F5B2B1B4D4}.Debug|Any CPU.ActiveCfg = Debug|Any CPU
		{96FD6481-BA92-4290-B9A9-56F5B2B1B4D4}.Debug|Any CPU.Build.0 = Debug|Any CPU
	EndGlobalSection
	GlobalSection(SolutionProperties) = preSolution
		HideSolutionNode = FALSE
	EndGlobalSection
	GlobalSection(ExtensibilityGlobals) = postSolution
		SolutionGuid = {2F484E2D-0B8C-4C87-9B28-E81EE89D7E07}
	EndGlobalSection
EndGlobal
