
Microsoft Visual Studio Solution File, Format Version 12.00
# Visual Studio Version 17
VisualStudioVersion = 17.4.33103.184
MinimumVisualStudioVersion = 10.0.40219.1
Project("{E24C65DC-7377-472B-9ABA-BC803B73C61A}") = "MITPL Invoice Cloud(1)", ".", "{64002268-AA86-4B44-846F-D823B54EF675}"
	ProjectSection(WebsiteProperties) = preProject
		TargetFrameworkMoniker = ".NETFramework,Version%3Dv3.5"
		Debug.AspNetCompiler.VirtualPath = "/localhost_58419"
		Debug.AspNetCompiler.PhysicalPath = "..\MITPL Invoice Cloud\"
		Debug.AspNetCompiler.TargetPath = "PrecompiledWeb\localhost_58419\"
		Debug.AspNetCompiler.Updateable = "true"
		Debug.AspNetCompiler.ForceOverwrite = "true"
		Debug.AspNetCompiler.FixedNames = "false"
		Debug.AspNetCompiler.Debug = "True"
		Release.AspNetCompiler.VirtualPath = "/localhost_58419"
		Release.AspNetCompiler.PhysicalPath = "..\MITPL Invoice Cloud\"
		Release.AspNetCompiler.TargetPath = "PrecompiledWeb\localhost_58419\"
		Release.AspNetCompiler.Updateable = "true"
		Release.AspNetCompiler.ForceOverwrite = "true"
		Release.AspNetCompiler.FixedNames = "false"
		Release.AspNetCompiler.Debug = "False"
		VWDPort = "58419"
		SlnRelativePath = "..\MITPL Invoice Cloud\"
	EndProjectSection
EndProject
Global
	GlobalSection(SolutionConfigurationPlatforms) = preSolution
		Debug|Any CPU = Debug|Any CPU
	EndGlobalSection
	GlobalSection(ProjectConfigurationPlatforms) = postSolution
		{64002268-AA86-4B44-846F-D823B54EF675}.Debug|Any CPU.ActiveCfg = Debug|Any CPU
		{64002268-AA86-4B44-846F-D823B54EF675}.Debug|Any CPU.Build.0 = Debug|Any CPU
	EndGlobalSection
	GlobalSection(SolutionProperties) = preSolution
		HideSolutionNode = FALSE
	EndGlobalSection
	GlobalSection(ExtensibilityGlobals) = postSolution
		SolutionGuid = {65D7C161-EE6B-4115-BAA8-5827C55C249E}
	EndGlobalSection
EndGlobal
